{
  "nodes": {
    "home-manager": {
      "inputs": {
        "nixpkgs": [
          "nixpkgs"
        ]
      },
      "locked": {
        "lastModified": 1630030114,
        "narHash": "sha256-t5lptbv7rtNSawdwoA2JUAiqXgLYAO+dGqp8KRtOaDA=",
        "owner": "nix-community",
        "repo": "home-manager",
        "rev": "33db7cc6a66d1c1cb77c23ae8e18cefd0425a0c8",
        "type": "github"
      },
      "original": {
        "owner": "nix-community",
        "repo": "home-manager",
        "type": "github"
      }
    },
    "nixpkgs": {
      "locked": {
        "lastModified": 1630092059,
        "narHash": "sha256-00Z+li1YrFb7q61EJrnUawkrXjK1ZaoV+6bXRXPMSSw=",
        "owner": "nixos",
        "repo": "nixpkgs",
        "rev": "73164006951cea087c822e02760d9a1473216110",
        "type": "github"
      },
      "original": {
        "owner": "nixos",
        "ref": "nixos-unstable-small",
        "repo": "nixpkgs",
        "type": "github"
      }
    },
    "root": {
      "inputs": {
        "home-manager": "home-manager",
        "nixpkgs": "nixpkgs"
      }
    }
  },
  "root": "root",
  "version": 7
}
