{
  "nodes": {
    "home-manager": {
      "inputs": {
        "nixpkgs": [
          "nixpkgs"
        ]
      },
      "locked": {
        "lastModified": 1623942490,
        "narHash": "sha256-e5xGI0byxDXDgwFBfuifgOdNutrN3F9s1WOtq7bXRX4=",
        "owner": "nix-community",
        "repo": "home-manager",
        "rev": "6d9bff77eda4426b7b9a5e8f0e9b94fe47798582",
        "type": "github"
      },
      "original": {
        "owner": "nix-community",
        "repo": "home-manager",
        "type": "github"
      }
    },
    "nixpkgs": {
      "locked": {
        "lastModified": 1623861389,
        "narHash": "sha256-v/fDk4hD3mcBFsl6hiT9h6UxRWmwO4Dbvg6jwFGScbY=",
        "owner": "nixos",
        "repo": "nixpkgs",
        "rev": "75dc3bbdd4f51d5c647491f8c39ca653c0657523",
        "type": "github"
      },
      "original": {
        "owner": "nixos",
        "ref": "nixos-unstable-small",
        "repo": "nixpkgs",
        "type": "github"
      }
    },
    "root": {
      "inputs": {
        "home-manager": "home-manager",
        "nixpkgs": "nixpkgs"
      }
    }
  },
  "root": "root",
  "version": 7
}
